{
    "_readme": [
        "This file locks the dependencies of your project to a known state",
        "Read more about it at https://getcomposer.org/doc/01-basic-usage.md#installing-dependencies",
        "This file is @generated automatically"
    ],
    "content-hash": "a7bdbc8540170b0c0d9f84bc77e02a36",
    "packages": [
        {
            "name": "spatie/statamic-responsive-images",
            "version": "v1.2.0",
            "source": {
                "type": "git",
                "url": "https://github.com/spatie/statamic-responsive-images.git",
                "reference": "d61286f3bb15fe2121807ef7d513de689c37de86"
            },
            "dist": {
                "type": "zip",
                "url": "https://api.github.com/repos/spatie/statamic-responsive-images/zipball/d61286f3bb15fe2121807ef7d513de689c37de86",
                "reference": "d61286f3bb15fe2121807ef7d513de689c37de86",
                "shasum": ""
            },
            "type": "statamic-addon",
            "extra": {
                "statamic": {
                    "name": "Responsive Images",
                    "description": "Responsive Images for Statamic 3"
                },
                "laravel": {
                    "providers": [
                        "Spatie\\ResponsiveImages\\ServiceProvider"
                    ]
                }
            },
            "autoload": {
                "psr-4": {
                    "Spatie\\ResponsiveImages\\": "src"
                }
            },
            "notification-url": "https://packagist.org/downloads/",
            "license": [
                "MIT"
            ],
            "description": "Responsive Images for Statamic 3",
            "time": "2020-03-27T16:47:50+00:00"
        }
    ],
    "packages-dev": [],
    "aliases": [],
    "minimum-stability": "stable",
    "stability-flags": [],
    "prefer-stable": false,
    "prefer-lowest": false,
    "platform": [],
    "platform-dev": []
}
